{
    "name": "dottype.webserver",
    "version": "0.0.5",
    "lockfileVersion": 1,
    "requires": true,
    "dependencies": {
        "@types/node": {
            "version": "10.12.18",
            "resolved": "https://registry.npmjs.org/@types/node/-/node-10.12.18.tgz",
            "integrity": "sha512-fh+pAqt4xRzPfqA6eh3Z2y6fyZavRIumvjhaCL753+TVkGKGhpPeyrJG2JftD0T9q4GF00KjefsQ+PQNDdWQaQ=="
        },
        "dottype": {
            "version": "0.0.12",
            "resolved": "https://registry.npmjs.org/dottype/-/dottype-0.0.12.tgz",
            "integrity": "sha512-GJasl2OptN/b/bwuJ+dKBvlv2ScMwennTAffe+o1/ZyeUVJriecD6PlBCjv/DZm26Q8lgI7NswFSgekpsQHLMg=="
        },
        "dottype.hosting": {
            "version": "0.0.1",
            "resolved": "https://registry.npmjs.org/dottype.hosting/-/dottype.hosting-0.0.1.tgz",
            "integrity": "sha512-afGD7WNeRbzj9pu8gGD3+pqRwYzQlBQRB/6TouvfWsZ1CcEQ7HkKybje0jKaM414lMFh1lrTqoxwmeRpdE0ptg==",
            "requires": {
                "dottype": "^0.0.12",
                "dottype.utils": "^0.0.1"
            }
        },
        "dottype.io": {
            "version": "0.0.1",
            "resolved": "https://registry.npmjs.org/dottype.io/-/dottype.io-0.0.1.tgz",
            "integrity": "sha512-H276+7QT+MpvbxYzyqGGuJmXWDkRReKanLr7UVlJ07uQPdfN3C5Gu6Qzy7ntU78PpRr5rV9bVOodcEB7Db0OCg==",
            "requires": {
                "@types/node": "^10.12.18"
            }
        },
        "dottype.utils": {
            "version": "0.0.1",
            "resolved": "https://registry.npmjs.org/dottype.utils/-/dottype.utils-0.0.1.tgz",
            "integrity": "sha512-UFKeDfJI+83lTou6D2Jh2oJQ9Wm8mOfmzqO5yBfl1FiJTaKyY9CEpaHklJoTujrSdBOvKFey7Q7zteeewUwUaQ==",
            "requires": {
                "dottype": "0.0.12"
            }
        }
    }
}
